// !$*UTF8*$!
{
	archiveVersion = 1;
	classes = {
	};
	objectVersion = 46;
	objects = {

/* Begin PBXBuildFile section */
		13E7124E1B6B1EB900C5B5EA /* main.m in Sources */ = {isa = PBXBuildFile; fileRef = 13E7124D1B6B1EB900C5B5EA /* main.m */; };
		13E712511B6B1EB900C5B5EA /* AppDelegate.m in Sources */ = {isa = PBXBuildFile; fileRef = 13E712501B6B1EB900C5B5EA /* AppDelegate.m */; };
		13E712541B6B1EB900C5B5EA /* ViewController.m in Sources */ = {isa = PBXBuildFile; fileRef = 13E712531B6B1EB900C5B5EA /* ViewController.m */; };
		13E712571B6B1EB900C5B5EA /* Main.storyboard in Resources */ = {isa = PBXBuildFile; fileRef = 13E712551B6B1EB900C5B5EA /* Main.storyboard */; };
		13E712591B6B1EB900C5B5EA /* Images.xcassets in Resources */ = {isa = PBXBuildFile; fileRef = 13E712581B6B1EB900C5B5EA /* Images.xcassets */; };
		13E7125C1B6B1EB900C5B5EA /* LaunchScreen.xib in Resources */ = {isa = PBXBuildFile; fileRef = 13E7125A1B6B1EB900C5B5EA /* LaunchScreen.xib */; };
		13E712681B6B1EBA00C5B5EA /* ButtonFunTests.m in Sources */ = {isa = PBXBuildFile; fileRef = 13E712671B6B1EBA00C5B5EA /* ButtonFunTests.m */; };
		13E712731B6B1F8F00C5B5EA /* UIColor+RandomColor.m in Sources */ = {isa = PBXBuildFile; fileRef = 13E712721B6B1F8F00C5B5EA /* UIColor+RandomColor.m */; };
/* End PBXBuildFile section */

/* Begin PBXContainerItemProxy section */
		13E712621B6B1EB900C5B5EA /* PBXContainerItemProxy */ = {
			isa = PBXContainerItemProxy;
			containerPortal = 13E712401B6B1EB900C5B5EA /* Project object */;
			proxyType = 1;
			remoteGlobalIDString = 13E712471B6B1EB900C5B5EA;
			remoteInfo = ButtonFun;
		};
/* End PBXContainerItemProxy section */

/* Begin PBXFileReference section */
		13E712481B6B1EB900C5B5EA /* ButtonFun.app */ = {isa = PBXFileReference; explicitFileType = wrapper.application; includeInIndex = 0; path = ButtonFun.app; sourceTree = BUILT_PRODUCTS_DIR; };
		13E7124C1B6B1EB900C5B5EA /* Info.plist */ = {isa = PBXFileReference; lastKnownFileType = text.plist.xml; path = Info.plist; sourceTree = "<group>"; };
		13E7124D1B6B1EB900C5B5EA /* main.m */ = {isa = PBXFileReference; lastKnownFileType = sourcecode.c.objc; path = main.m; sourceTree = "<group>"; };
		13E7124F1B6B1EB900C5B5EA /* AppDelegate.h */ = {isa = PBXFileReference; lastKnownFileType = sourcecode.c.h; path = AppDelegate.h; sourceTree = "<group>"; };
		13E712501B6B1EB900C5B5EA /* AppDelegate.m */ = {isa = PBXFileReference; lastKnownFileType = sourcecode.c.objc; path = AppDelegate.m; sourceTree = "<group>"; };
		13E712521B6B1EB900C5B5EA /* ViewController.h */ = {isa = PBXFileReference; lastKnownFileType = sourcecode.c.h; path = ViewController.h; sourceTree = "<group>"; };
		13E712531B6B1EB900C5B5EA /* ViewController.m */ = {isa = PBXFileReference; lastKnownFileType = sourcecode.c.objc; path = ViewController.m; sourceTree = "<group>"; };
		13E712561B6B1EB900C5B5EA /* Base */ = {isa = PBXFileReference; lastKnownFileType = file.storyboard; name = Base; path = Base.lproj/Main.storyboard; sourceTree = "<group>"; };
		13E712581B6B1EB900C5B5EA /* Images.xcassets */ = {isa = PBXFileReference; lastKnownFileType = folder.assetcatalog; path = Images.xcassets; sourceTree = "<group>"; };
		13E7125B1B6B1EB900C5B5EA /* Base */ = {isa = PBXFileReference; lastKnownFileType = file.xib; name = Base; path = Base.lproj/LaunchScreen.xib; sourceTree = "<group>"; };
		13E712611B6B1EB900C5B5EA /* ButtonFunTests.xctest */ = {isa = PBXFileReference; explicitFileType = wrapper.cfbundle; includeInIndex = 0; path = ButtonFunTests.xctest; sourceTree = BUILT_PRODUCTS_DIR; };
		13E712661B6B1EB900C5B5EA /* Info.plist */ = {isa = PBXFileReference; lastKnownFileType = text.plist.xml; path = Info.plist; sourceTree = "<group>"; };
		13E712671B6B1EBA00C5B5EA /* ButtonFunTests.m */ = {isa = PBXFileReference; lastKnownFileType = sourcecode.c.objc; path = ButtonFunTests.m; sourceTree = "<group>"; };
		13E712711B6B1F8F00C5B5EA /* UIColor+RandomColor.h */ = {isa = PBXFileReference; fileEncoding = 4; lastKnownFileType = sourcecode.c.h; path = "UIColor+RandomColor.h"; sourceTree = "<group>"; };
		13E712721B6B1F8F00C5B5EA /* UIColor+RandomColor.m */ = {isa = PBXFileReference; fileEncoding = 4; lastKnownFileType = sourcecode.c.objc; path = "UIColor+RandomColor.m"; sourceTree = "<group>"; };
/* End PBXFileReference section */

/* Begin PBXFrameworksBuildPhase section */
		13E712451B6B1EB900C5B5EA /* Frameworks */ = {
			isa = PBXFrameworksBuildPhase;
			buildActionMask = 2147483647;
			files = (
			);
			runOnlyForDeploymentPostprocessing = 0;
		};
		13E7125E1B6B1EB900C5B5EA /* Frameworks */ = {
			isa = PBXFrameworksBuildPhase;
			buildActionMask = 2147483647;
			files = (
			);
			runOnlyForDeploymentPostprocessing = 0;
		};
/* End PBXFrameworksBuildPhase section */

/* Begin PBXGroup section */
		13E7123F1B6B1EB900C5B5EA = {
			isa = PBXGroup;
			children = (
				13E7124A1B6B1EB900C5B5EA /* ButtonFun */,
				13E712641B6B1EB900C5B5EA /* ButtonFunTests */,
				13E712491B6B1EB900C5B5EA /* Products */,
			);
			sourceTree = "<group>";
		};
		13E712491B6B1EB900C5B5EA /* Products */ = {
			isa = PBXGroup;
			children = (
				13E712481B6B1EB900C5B5EA /* ButtonFun.app */,
				13E712611B6B1EB900C5B5EA /* ButtonFunTests.xctest */,
			);
			name = Products;
			sourceTree = "<group>";
		};
		13E7124A1B6B1EB900C5B5EA /* ButtonFun */ = {
			isa = PBXGroup;
			children = (
				13E7124F1B6B1EB900C5B5EA /* AppDelegate.h */,
				13E712501B6B1EB900C5B5EA /* AppDelegate.m */,
				13E712521B6B1EB900C5B5EA /* ViewController.h */,
				13E712531B6B1EB900C5B5EA /* ViewController.m */,
				13E712711B6B1F8F00C5B5EA /* UIColor+RandomColor.h */,
				13E712721B6B1F8F00C5B5EA /* UIColor+RandomColor.m */,
				13E712551B6B1EB900C5B5EA /* Main.storyboard */,
				13E712581B6B1EB900C5B5EA /* Images.xcassets */,
				13E7125A1B6B1EB900C5B5EA /* LaunchScreen.xib */,
				13E7124B1B6B1EB900C5B5EA /* Supporting Files */,
			);
			path = ButtonFun;
			sourceTree = "<group>";
		};
		13E7124B1B6B1EB900C5B5EA /* Supporting Files */ = {
			isa = PBXGroup;
			children = (
				13E7124C1B6B1EB900C5B5EA /* Info.plist */,
				13E7124D1B6B1EB900C5B5EA /* main.m */,
			);
			name = "Supporting Files";
			sourceTree = "<group>";
		};
		13E712641B6B1EB900C5B5EA /* ButtonFunTests */ = {
			isa = PBXGroup;
			children = (
				13E712671B6B1EBA00C5B5EA /* ButtonFunTests.m */,
				13E712651B6B1EB900C5B5EA /* Supporting Files */,
			);
			path = ButtonFunTests;
			sourceTree = "<group>";
		};
		13E712651B6B1EB900C5B5EA /* Supporting Files */ = {
			isa = PBXGroup;
			children = (
				13E712661B6B1EB900C5B5EA /* Info.plist */,
			);
			name = "Supporting Files";
			sourceTree = "<group>";
		};
/* End PBXGroup section */

/* Begin PBXNativeTarget section */
		13E712471B6B1EB900C5B5EA /* ButtonFun */ = {
			isa = PBXNativeTarget;
			buildConfigurationList = 13E7126B1B6B1EBA00C5B5EA /* Build configuration list for PBXNativeTarget "ButtonFun" */;
			buildPhases = (
				13E712441B6B1EB900C5B5EA /* Sources */,
				13E712451B6B1EB900C5B5EA /* Frameworks */,
				13E712461B6B1EB900C5B5EA /* Resources */,
			);
			buildRules = (
			);
			dependencies = (
			);
			name = ButtonFun;
			productName = ButtonFun;
			productReference = 13E712481B6B1EB900C5B5EA /* ButtonFun.app */;
			productType = "com.apple.product-type.application";
		};
		13E712601B6B1EB900C5B5EA /* ButtonFunTests */ = {
			isa = PBXNativeTarget;
			buildConfigurationList = 13E7126E1B6B1EBA00C5B5EA /* Build configuration list for PBXNativeTarget "ButtonFunTests" */;
			buildPhases = (
				13E7125D1B6B1EB900C5B5EA /* Sources */,
				13E7125E1B6B1EB900C5B5EA /* Frameworks */,
				13E7125F1B6B1EB900C5B5EA /* Resources */,
			);
			buildRules = (
			);
			dependencies = (
				13E712631B6B1EB900C5B5EA /* PBXTargetDependency */,
			);
			name = ButtonFunTests;
			productName = ButtonFunTests;
			productReference = 13E712611B6B1EB900C5B5EA /* ButtonFunTests.xctest */;
			productType = "com.apple.product-type.bundle.unit-test";
		};
/* End PBXNativeTarget section */

/* Begin PBXProject section */
		13E712401B6B1EB900C5B5EA /* Project object */ = {
			isa = PBXProject;
			attributes = {
				LastUpgradeCheck = 0620;
				ORGANIZATIONNAME = Anurag;
				TargetAttributes = {
					13E712471B6B1EB900C5B5EA = {
						CreatedOnToolsVersion = 6.2;
					};
					13E712601B6B1EB900C5B5EA = {
						CreatedOnToolsVersion = 6.2;
						TestTargetID = 13E712471B6B1EB900C5B5EA;
					};
				};
			};
			buildConfigurationList = 13E712431B6B1EB900C5B5EA /* Build configuration list for PBXProject "ButtonFun" */;
			compatibilityVersion = "Xcode 3.2";
			developmentRegion = English;
			hasScannedForEncodings = 0;
			knownRegions = (
				en,
				Base,
			);
			mainGroup = 13E7123F1B6B1EB900C5B5EA;
			productRefGroup = 13E712491B6B1EB900C5B5EA /* Products */;
			projectDirPath = "";
			projectRoot = "";
			targets = (
				13E712471B6B1EB900C5B5EA /* ButtonFun */,
				13E712601B6B1EB900C5B5EA /* ButtonFunTests */,
			);
		};
/* End PBXProject section */

/* Begin PBXResourcesBuildPhase section */
		13E712461B6B1EB900C5B5EA /* Resources */ = {
			isa = PBXResourcesBuildPhase;
			buildActionMask = 2147483647;
			files = (
				13E712571B6B1EB900C5B5EA /* Main.storyboard in Resources */,
				13E7125C1B6B1EB900C5B5EA /* LaunchScreen.xib in Resources */,
				13E712591B6B1EB900C5B5EA /* Images.xcassets in Resources */,
			);
			runOnlyForDeploymentPostprocessing = 0;
		};
		13E7125F1B6B1EB900C5B5EA /* Resources */ = {
			isa = PBXResourcesBuildPhase;
			buildActionMask = 2147483647;
			files = (
			);
			runOnlyForDeploymentPostprocessing = 0;
		};
/* End PBXResourcesBuildPhase section */

/* Begin PBXSourcesBuildPhase section */
		13E712441B6B1EB900C5B5EA /* Sources */ = {
			isa = PBXSourcesBuildPhase;
			buildActionMask = 2147483647;
			files = (
				13E712731B6B1F8F00C5B5EA /* UIColor+RandomColor.m in Sources */,
				13E712541B6B1EB900C5B5EA /* ViewController.m in Sources */,
				13E712511B6B1EB900C5B5EA /* AppDelegate.m in Sources */,
				13E7124E1B6B1EB900C5B5EA /* main.m in Sources */,
			);
			runOnlyForDeploymentPostprocessing = 0;
		};
		13E7125D1B6B1EB900C5B5EA /* Sources */ = {
			isa = PBXSourcesBuildPhase;
			buildActionMask = 2147483647;
			files = (
				13E712681B6B1EBA00C5B5EA /* ButtonFunTests.m in Sources */,
			);
			runOnlyForDeploymentPostprocessing = 0;
		};
/* End PBXSourcesBuildPhase section */

/* Begin PBXTargetDependency section */
		13E712631B6B1EB900C5B5EA /* PBXTargetDependency */ = {
			isa = PBXTargetDependency;
			target = 13E712471B6B1EB900C5B5EA /* ButtonFun */;
			targetProxy = 13E712621B6B1EB900C5B5EA /* PBXContainerItemProxy */;
		};
/* End PBXTargetDependency section */

/* Begin PBXVariantGroup section */
		13E712551B6B1EB900C5B5EA /* Main.storyboard */ = {
			isa = PBXVariantGroup;
			children = (
				13E712561B6B1EB900C5B5EA /* Base */,
			);
			name = Main.storyboard;
			sourceTree = "<group>";
		};
		13E7125A1B6B1EB900C5B5EA /* LaunchScreen.xib */ = {
			isa = PBXVariantGroup;
			children = (
				13E7125B1B6B1EB900C5B5EA /* Base */,
			);
			name = LaunchScreen.xib;
			sourceTree = "<group>";
		};
/* End PBXVariantGroup section */

/* Begin XCBuildConfiguration section */
		13E712691B6B1EBA00C5B5EA /* Debug */ = {
			isa = XCBuildConfiguration;
			buildSettings = {
				ALWAYS_SEARCH_USER_PATHS = NO;
				CLANG_CXX_LANGUAGE_STANDARD = "gnu++0x";
				CLANG_CXX_LIBRARY = "libc++";
				CLANG_ENABLE_MODULES = YES;
				CLANG_ENABLE_OBJC_ARC = YES;
				CLANG_WARN_BOOL_CONVERSION = YES;
				CLANG_WARN_CONSTANT_CONVERSION = YES;
				CLANG_WARN_DIRECT_OBJC_ISA_USAGE = YES_ERROR;
				CLANG_WARN_EMPTY_BODY = YES;
				CLANG_WARN_ENUM_CONVERSION = YES;
				CLANG_WARN_INT_CONVERSION = YES;
				CLANG_WARN_OBJC_ROOT_CLASS = YES_ERROR;
				CLANG_WARN_UNREACHABLE_CODE = YES;
				CLANG_WARN__DUPLICATE_METHOD_MATCH = YES;
				"CODE_SIGN_IDENTITY[sdk=iphoneos*]" = "iPhone Developer";
				COPY_PHASE_STRIP = NO;
				ENABLE_STRICT_OBJC_MSGSEND = YES;
				GCC_C_LANGUAGE_STANDARD = gnu99;
				GCC_DYNAMIC_NO_PIC = NO;
				GCC_OPTIMIZATION_LEVEL = 0;
				GCC_PREPROCESSOR_DEFINITIONS = (
					"DEBUG=1",
					"$(inherited)",
				);
				GCC_SYMBOLS_PRIVATE_EXTERN = NO;
				GCC_WARN_64_TO_32_BIT_CONVERSION = YES;
				GCC_WARN_ABOUT_RETURN_TYPE = YES_ERROR;
				GCC_WARN_UNDECLARED_SELECTOR = YES;
				GCC_WARN_UNINITIALIZED_AUTOS = YES_AGGRESSIVE;
				GCC_WARN_UNUSED_FUNCTION = YES;
				GCC_WARN_UNUSED_VARIABLE = YES;
				IPHONEOS_DEPLOYMENT_TARGET = 8.2;
				MTL_ENABLE_DEBUG_INFO = YES;
				ONLY_ACTIVE_ARCH = YES;
				SDKROOT = iphoneos;
				TARGETED_DEVICE_FAMILY = "1,2";
			};
			name = Debug;
		};
		13E7126A1B6B1EBA00C5B5EA /* Release */ = {
			isa = XCBuildConfiguration;
			buildSettings = {
				ALWAYS_SEARCH_USER_PATHS = NO;
				CLANG_CXX_LANGUAGE_STANDARD = "gnu++0x";
				CLANG_CXX_LIBRARY = "libc++";
				CLANG_ENABLE_MODULES = YES;
				CLANG_ENABLE_OBJC_ARC = YES;
				CLANG_WARN_BOOL_CONVERSION = YES;
				CLANG_WARN_CONSTANT_CONVERSION = YES;
				CLANG_WARN_DIRECT_OBJC_ISA_USAGE = YES_ERROR;
				CLANG_WARN_EMPTY_BODY = YES;
				CLANG_WARN_ENUM_CONVERSION = YES;
				CLANG_WARN_INT_CONVERSION = YES;
				CLANG_WARN_OBJC_ROOT_CLASS = YES_ERROR;
				CLANG_WARN_UNREACHABLE_CODE = YES;
				CLANG_WARN__DUPLICATE_METHOD_MATCH = YES;
				"CODE_SIGN_IDENTITY[sdk=iphoneos*]" = "iPhone Developer";
				COPY_PHASE_STRIP = NO;
				ENABLE_NS_ASSERTIONS = NO;
				ENABLE_STRICT_OBJC_MSGSEND = YES;
				GCC_C_LANGUAGE_STANDARD = gnu99;
				GCC_WARN_64_TO_32_BIT_CONVERSION = YES;
				GCC_WARN_ABOUT_RETURN_TYPE = YES_ERROR;
				GCC_WARN_UNDECLARED_SELECTOR = YES;
				GCC_WARN_UNINITIALIZED_AUTOS = YES_AGGRESSIVE;
				GCC_WARN_UNUSED_FUNCTION = YES;
				GCC_WARN_UNUSED_VARIABLE = YES;
				IPHONEOS_DEPLOYMENT_TARGET = 8.2;
				MTL_ENABLE_DEBUG_INFO = NO;
				SDKROOT = iphoneos;
				TARGETED_DEVICE_FAMILY = "1,2";
				VALIDATE_PRODUCT = YES;
			};
			name = Release;
		};
		13E7126C1B6B1EBA00C5B5EA /* Debug */ = {
			isa = XCBuildConfiguration;
			buildSettings = {
				ASSETCATALOG_COMPILER_APPICON_NAME = AppIcon;
				INFOPLIST_FILE = ButtonFun/Info.plist;
				LD_RUNPATH_SEARCH_PATHS = "$(inherited) @executable_path/Frameworks";
				PRODUCT_NAME = "$(TARGET_NAME)";
			};
			name = Debug;
		};
		13E7126D1B6B1EBA00C5B5EA /* Release */ = {
			isa = XCBuildConfiguration;
			buildSettings = {
				ASSETCATALOG_COMPILER_APPICON_NAME = AppIcon;
				INFOPLIST_FILE = ButtonFun/Info.plist;
				LD_RUNPATH_SEARCH_PATHS = "$(inherited) @executable_path/Frameworks";
				PRODUCT_NAME = "$(TARGET_NAME)";
			};
			name = Release;
		};
		13E7126F1B6B1EBA00C5B5EA /* Debug */ = {
			isa = XCBuildConfiguration;
			buildSettings = {
				BUNDLE_LOADER = "$(TEST_HOST)";
				FRAMEWORK_SEARCH_PATHS = (
					"$(SDKROOT)/Developer/Library/Frameworks",
					"$(inherited)",
				);
				GCC_PREPROCESSOR_DEFINITIONS = (
					"DEBUG=1",
					"$(inherited)",
				);
				INFOPLIST_FILE = ButtonFunTests/Info.plist;
				LD_RUNPATH_SEARCH_PATHS = "$(inherited) @executable_path/Frameworks @loader_path/Frameworks";
				PRODUCT_NAME = "$(TARGET_NAME)";
				TEST_HOST = "$(BUILT_PRODUCTS_DIR)/ButtonFun.app/ButtonFun";
			};
			name = Debug;
		};
		13E712701B6B1EBA00C5B5EA /* Release */ = {
			isa = XCBuildConfiguration;
			buildSettings = {
				BUNDLE_LOADER = "$(TEST_HOST)";
				FRAMEWORK_SEARCH_PATHS = (
					"$(SDKROOT)/Developer/Library/Frameworks",
					"$(inherited)",
				);
				INFOPLIST_FILE = ButtonFunTests/Info.plist;
				LD_RUNPATH_SEARCH_PATHS = "$(inherited) @executable_path/Frameworks @loader_path/Frameworks";
				PRODUCT_NAME = "$(TARGET_NAME)";
				TEST_HOST = "$(BUILT_PRODUCTS_DIR)/ButtonFun.app/ButtonFun";
			};
			name = Release;
		};
/* End XCBuildConfiguration section */

/* Begin XCConfigurationList section */
		13E712431B6B1EB900C5B5EA /* Build configuration list for PBXProject "ButtonFun" */ = {
			isa = XCConfigurationList;
			buildConfigurations = (
				13E712691B6B1EBA00C5B5EA /* Debug */,
				13E7126A1B6B1EBA00C5B5EA /* Release */,
			);
			defaultConfigurationIsVisible = 0;
			defaultConfigurationName = Release;
		};
		13E7126B1B6B1EBA00C5B5EA /* Build configuration list for PBXNativeTarget "ButtonFun" */ = {
			isa = XCConfigurationList;
			buildConfigurations = (
				13E7126C1B6B1EBA00C5B5EA /* Debug */,
				13E7126D1B6B1EBA00C5B5EA /* Release */,
			);
			defaultConfigurationIsVisible = 0;
			defaultConfigurationName = Release;
		};
		13E7126E1B6B1EBA00C5B5EA /* Build configuration list for PBXNativeTarget "ButtonFunTests" */ = {
			isa = XCConfigurationList;
			buildConfigurations = (
				13E7126F1B6B1EBA00C5B5EA /* Debug */,
				13E712701B6B1EBA00C5B5EA /* Release */,
			);
			defaultConfigurationIsVisible = 0;
			defaultConfigurationName = Release;
		};
/* End XCConfigurationList section */
	};
	rootObject = 13E712401B6B1EB900C5B5EA /* Project object */;
}
